
Microsoft Visual Studio Solution File, Format Version 12.00
# Visual Studio Version 17
VisualStudioVersion = 17.4.33122.133
MinimumVisualStudioVersion = 10.0.40219.1
Project("{9A19103F-16F7-4668-BE54-9A1E7A4F7556}") = "BulkyBookWeb", "BulkyBookWeb\BulkyBookWeb.csproj", "{07DD52EA-B636-45AF-B791-39F5BE544175}"
EndProject
Project("{FAE04EC0-301F-11D3-BF4B-00C04F79EFBC}") = "BulkyBook.DataAccess", "BulkyBook.DataAccess\BulkyBook.DataAccess.csproj", "{0B4B2F11-888A-420F-90E9-E98D3E06C7B1}"
EndProject
Project("{FAE04EC0-301F-11D3-BF4B-00C04F79EFBC}") = "BulkyBook.Models", "BulkyBook.Models\BulkyBook.Models.csproj", "{05B463B8-B1C4-44FB-AC8F-E624B0C22100}"
EndProject
Project("{FAE04EC0-301F-11D3-BF4B-00C04F79EFBC}") = "BulkyBook.Utility", "BulkyBook.Utility\BulkyBook.Utility.csproj", "{74124651-5F7F-46AB-B2F7-DF14EDB5A9FE}"
EndProject
Global
	GlobalSection(SolutionConfigurationPlatforms) = preSolution
		Debug|Any CPU = Debug|Any CPU
		Release|Any CPU = Release|Any CPU
	EndGlobalSection
	GlobalSection(ProjectConfigurationPlatforms) = postSolution
		{07DD52EA-B636-45AF-B791-39F5BE544175}.Debug|Any CPU.ActiveCfg = Debug|Any CPU
		{07DD52EA-B636-45AF-B791-39F5BE544175}.Debug|Any CPU.Build.0 = Debug|Any CPU
		{07DD52EA-B636-45AF-B791-39F5BE544175}.Release|Any CPU.ActiveCfg = Release|Any CPU
		{07DD52EA-B636-45AF-B791-39F5BE544175}.Release|Any CPU.Build.0 = Release|Any CPU
		{0B4B2F11-888A-420F-90E9-E98D3E06C7B1}.Debug|Any CPU.ActiveCfg = Debug|Any CPU
		{0B4B2F11-888A-420F-90E9-E98D3E06C7B1}.Debug|Any CPU.Build.0 = Debug|Any CPU
		{0B4B2F11-888A-420F-90E9-E98D3E06C7B1}.Release|Any CPU.ActiveCfg = Release|Any CPU
		{0B4B2F11-888A-420F-90E9-E98D3E06C7B1}.Release|Any CPU.Build.0 = Release|Any CPU
		{05B463B8-B1C4-44FB-AC8F-E624B0C22100}.Debug|Any CPU.ActiveCfg = Debug|Any CPU
		{05B463B8-B1C4-44FB-AC8F-E624B0C22100}.Debug|Any CPU.Build.0 = Debug|Any CPU
		{05B463B8-B1C4-44FB-AC8F-E624B0C22100}.Release|Any CPU.ActiveCfg = Release|Any CPU
		{05B463B8-B1C4-44FB-AC8F-E624B0C22100}.Release|Any CPU.Build.0 = Release|Any CPU
		{74124651-5F7F-46AB-B2F7-DF14EDB5A9FE}.Debug|Any CPU.ActiveCfg = Debug|Any CPU
		{74124651-5F7F-46AB-B2F7-DF14EDB5A9FE}.Debug|Any CPU.Build.0 = Debug|Any CPU
		{74124651-5F7F-46AB-B2F7-DF14EDB5A9FE}.Release|Any CPU.ActiveCfg = Release|Any CPU
		{74124651-5F7F-46AB-B2F7-DF14EDB5A9FE}.Release|Any CPU.Build.0 = Release|Any CPU
	EndGlobalSection
	GlobalSection(SolutionProperties) = preSolution
		HideSolutionNode = FALSE
	EndGlobalSection
	GlobalSection(ExtensibilityGlobals) = postSolution
		SolutionGuid = {A83A473E-B876-4449-93E9-B2A509342509}
	EndGlobalSection
EndGlobal
